
Microsoft Visual Studio Solution File, Format Version 12.00
# Visual Studio 15
VisualStudioVersion = 15.0.26124.0
MinimumVisualStudioVersion = 15.0.26124.0
Project("{FAE04EC0-301F-11D3-BF4B-00C04F79EFBC}") = "XsvSerializer.Test", "XsvSerializer.Test\XsvSerializer.Test.csproj", "{B1A0FEC0-CB76-4507-BF6A-2612B8E7E285}"
EndProject
Project("{FAE04EC0-301F-11D3-BF4B-00C04F79EFBC}") = "Tiberhealth.XsvSerializer", "Tiberhealth.XsvSerializer\Tiberhealth.XsvSerializer.csproj", "{71509705-6E68-462F-B704-672CD4AE4772}"
EndProject
Global
	GlobalSection(SolutionConfigurationPlatforms) = preSolution
		Debug|Any CPU = Debug|Any CPU
		Debug|x64 = Debug|x64
		Debug|x86 = Debug|x86
		Release|Any CPU = Release|Any CPU
		Release|x64 = Release|x64
		Release|x86 = Release|x86
	EndGlobalSection
	GlobalSection(SolutionProperties) = preSolution
		HideSolutionNode = FALSE
	EndGlobalSection
	GlobalSection(ProjectConfigurationPlatforms) = postSolution
		{B1A0FEC0-CB76-4507-BF6A-2612B8E7E285}.Debug|Any CPU.ActiveCfg = Debug|Any CPU
		{B1A0FEC0-CB76-4507-BF6A-2612B8E7E285}.Debug|Any CPU.Build.0 = Debug|Any CPU
		{B1A0FEC0-CB76-4507-BF6A-2612B8E7E285}.Debug|x64.ActiveCfg = Debug|Any CPU
		{B1A0FEC0-CB76-4507-BF6A-2612B8E7E285}.Debug|x64.Build.0 = Debug|Any CPU
		{B1A0FEC0-CB76-4507-BF6A-2612B8E7E285}.Debug|x86.ActiveCfg = Debug|Any CPU
		{B1A0FEC0-CB76-4507-BF6A-2612B8E7E285}.Debug|x86.Build.0 = Debug|Any CPU
		{B1A0FEC0-CB76-4507-BF6A-2612B8E7E285}.Release|Any CPU.ActiveCfg = Release|Any CPU
		{B1A0FEC0-CB76-4507-BF6A-2612B8E7E285}.Release|Any CPU.Build.0 = Release|Any CPU
		{B1A0FEC0-CB76-4507-BF6A-2612B8E7E285}.Release|x64.ActiveCfg = Release|Any CPU
		{B1A0FEC0-CB76-4507-BF6A-2612B8E7E285}.Release|x64.Build.0 = Release|Any CPU
		{B1A0FEC0-CB76-4507-BF6A-2612B8E7E285}.Release|x86.ActiveCfg = Release|Any CPU
		{B1A0FEC0-CB76-4507-BF6A-2612B8E7E285}.Release|x86.Build.0 = Release|Any CPU
		{71509705-6E68-462F-B704-672CD4AE4772}.Debug|Any CPU.ActiveCfg = Debug|Any CPU
		{71509705-6E68-462F-B704-672CD4AE4772}.Debug|Any CPU.Build.0 = Debug|Any CPU
		{71509705-6E68-462F-B704-672CD4AE4772}.Debug|x64.ActiveCfg = Debug|Any CPU
		{71509705-6E68-462F-B704-672CD4AE4772}.Debug|x64.Build.0 = Debug|Any CPU
		{71509705-6E68-462F-B704-672CD4AE4772}.Debug|x86.ActiveCfg = Debug|Any CPU
		{71509705-6E68-462F-B704-672CD4AE4772}.Debug|x86.Build.0 = Debug|Any CPU
		{71509705-6E68-462F-B704-672CD4AE4772}.Release|Any CPU.ActiveCfg = Release|Any CPU
		{71509705-6E68-462F-B704-672CD4AE4772}.Release|Any CPU.Build.0 = Release|Any CPU
		{71509705-6E68-462F-B704-672CD4AE4772}.Release|x64.ActiveCfg = Release|Any CPU
		{71509705-6E68-462F-B704-672CD4AE4772}.Release|x64.Build.0 = Release|Any CPU
		{71509705-6E68-462F-B704-672CD4AE4772}.Release|x86.ActiveCfg = Release|Any CPU
		{71509705-6E68-462F-B704-672CD4AE4772}.Release|x86.Build.0 = Release|Any CPU
	EndGlobalSection
EndGlobal
